
Microsoft Visual Studio Solution File, Format Version 12.00
# Visual Studio 14
VisualStudioVersion = 14.0.24720.0
MinimumVisualStudioVersion = 10.0.40219.1
Project("{FAE04EC0-301F-11D3-BF4B-00C04F79EFBC}") = "PropertyManager.Api", "PropertyManager.Api\PropertyManager.Api.csproj", "{D30A519E-DC54-4F97-ABE8-85FC084D217F}"
EndProject
Project("{E24C65DC-7377-472B-9ABA-BC803B73C61A}") = "18b-PropertyManager-Frontend", "..\..\18b-PropertyManager-Frontend\", "{DC30EA0B-630A-45B2-90B3-2B504DE95E5F}"
	ProjectSection(WebsiteProperties) = preProject
		TargetFrameworkMoniker = ".NETFramework,Version%3Dv4.5.2"
		Debug.AspNetCompiler.VirtualPath = "/localhost_65040"
		Debug.AspNetCompiler.PhysicalPath = "..\..\18b-PropertyManager-Frontend\"
		Debug.AspNetCompiler.TargetPath = "PrecompiledWeb\localhost_65040\"
		Debug.AspNetCompiler.Updateable = "true"
		Debug.AspNetCompiler.ForceOverwrite = "true"
		Debug.AspNetCompiler.FixedNames = "false"
		Debug.AspNetCompiler.Debug = "True"
		Release.AspNetCompiler.VirtualPath = "/localhost_65040"
		Release.AspNetCompiler.PhysicalPath = "..\..\18b-PropertyManager-Frontend\"
		Release.AspNetCompiler.TargetPath = "PrecompiledWeb\localhost_65040\"
		Release.AspNetCompiler.Updateable = "true"
		Release.AspNetCompiler.ForceOverwrite = "true"
		Release.AspNetCompiler.FixedNames = "false"
		Release.AspNetCompiler.Debug = "False"
		VWDPort = "65040"
		SlnRelativePath = "..\..\18b-PropertyManager-Frontend\"
		DefaultWebSiteLanguage = "Visual C#"
	EndProjectSection
EndProject
Global
	GlobalSection(SolutionConfigurationPlatforms) = preSolution
		Debug|Any CPU = Debug|Any CPU
		Release|Any CPU = Release|Any CPU
	EndGlobalSection
	GlobalSection(ProjectConfigurationPlatforms) = postSolution
		{D30A519E-DC54-4F97-ABE8-85FC084D217F}.Debug|Any CPU.ActiveCfg = Debug|Any CPU
		{D30A519E-DC54-4F97-ABE8-85FC084D217F}.Debug|Any CPU.Build.0 = Debug|Any CPU
		{D30A519E-DC54-4F97-ABE8-85FC084D217F}.Release|Any CPU.ActiveCfg = Release|Any CPU
		{D30A519E-DC54-4F97-ABE8-85FC084D217F}.Release|Any CPU.Build.0 = Release|Any CPU
		{DC30EA0B-630A-45B2-90B3-2B504DE95E5F}.Debug|Any CPU.ActiveCfg = Debug|Any CPU
		{DC30EA0B-630A-45B2-90B3-2B504DE95E5F}.Debug|Any CPU.Build.0 = Debug|Any CPU
		{DC30EA0B-630A-45B2-90B3-2B504DE95E5F}.Release|Any CPU.ActiveCfg = Debug|Any CPU
		{DC30EA0B-630A-45B2-90B3-2B504DE95E5F}.Release|Any CPU.Build.0 = Debug|Any CPU
	EndGlobalSection
	GlobalSection(SolutionProperties) = preSolution
		HideSolutionNode = FALSE
	EndGlobalSection
EndGlobal
